
Microsoft Visual Studio Solution File, Format Version 12.00
# Visual Studio Version 17
VisualStudioVersion = 17.1.32328.378
MinimumVisualStudioVersion = 10.0.40219.1
Project("{9A19103F-16F7-4668-BE54-9A1E7A4F7556}") = "QuickEPUB", "QuickEPUB\QuickEPUB.csproj", "{AEA496FA-8711-43D6-B4E6-6412D624ED21}"
EndProject
Project("{9A19103F-16F7-4668-BE54-9A1E7A4F7556}") = "QuickEPUB.Test", "QuickEPUB.Test\QuickEPUB.Test.csproj", "{8BFFB941-C987-4AA6-8F9F-A5D6CA997E85}"
EndProject
Global
	GlobalSection(SolutionConfigurationPlatforms) = preSolution
		Debug|Any CPU = Debug|Any CPU
		Release|Any CPU = Release|Any CPU
	EndGlobalSection
	GlobalSection(ProjectConfigurationPlatforms) = postSolution
		{AEA496FA-8711-43D6-B4E6-6412D624ED21}.Debug|Any CPU.ActiveCfg = Debug|Any CPU
		{AEA496FA-8711-43D6-B4E6-6412D624ED21}.Debug|Any CPU.Build.0 = Debug|Any CPU
		{AEA496FA-8711-43D6-B4E6-6412D624ED21}.Release|Any CPU.ActiveCfg = Release|Any CPU
		{AEA496FA-8711-43D6-B4E6-6412D624ED21}.Release|Any CPU.Build.0 = Release|Any CPU
		{8BFFB941-C987-4AA6-8F9F-A5D6CA997E85}.Debug|Any CPU.ActiveCfg = Debug|Any CPU
		{8BFFB941-C987-4AA6-8F9F-A5D6CA997E85}.Debug|Any CPU.Build.0 = Debug|Any CPU
		{8BFFB941-C987-4AA6-8F9F-A5D6CA997E85}.Release|Any CPU.ActiveCfg = Release|Any CPU
		{8BFFB941-C987-4AA6-8F9F-A5D6CA997E85}.Release|Any CPU.Build.0 = Release|Any CPU
	EndGlobalSection
	GlobalSection(SolutionProperties) = preSolution
		HideSolutionNode = FALSE
	EndGlobalSection
	GlobalSection(ExtensibilityGlobals) = postSolution
		SolutionGuid = {01369995-647F-4535-9251-0EF05CAC07C5}
	EndGlobalSection
EndGlobal
